Microsoft Visual Studio Solution File, Format Version 12.00
# Visual Studio 14
<<<<<<< HEAD
Project("{8BC9CEB8-8B4A-11D0-8D11-00A0C91BC942}") = "ALL_BUILD", "ALL_BUILD.vcxproj", "{5A61FCFC-9C1B-370A-B9BE-067275F5139B}"
	ProjectSection(ProjectDependencies) = postProject
		{D5075DFE-23CD-308D-94C4-ADC58C20063C} = {D5075DFE-23CD-308D-94C4-ADC58C20063C}
=======
Project("{2150E333-8FDC-42A3-9474-1A3956D46DE8}") = "CMakePredefinedTargets", "CMakePredefinedTargets", "{B0E0C44E-1E53-386A-8365-965EACAACDDD}"
EndProject
Project("{2150E333-8FDC-42A3-9474-1A3956D46DE8}") = "ThirdParty", "ThirdParty", "{504C0C47-8704-336A-A892-6ECB3E38BA33}"
EndProject
Project("{8BC9CEB8-8B4A-11D0-8D11-00A0C91BC942}") = "ALL_BUILD", "ALL_BUILD.vcxproj", "{BAEF1D25-842D-3400-9A21-3A3A6A8C0022}"
	ProjectSection(ProjectDependencies) = postProject
		{2CBDED99-37CB-32C9-9FCC-919306111051} = {2CBDED99-37CB-32C9-9FCC-919306111051}
		{15A32475-F00D-3928-8C7E-2A13C3F61F31} = {15A32475-F00D-3928-8C7E-2A13C3F61F31}
>>>>>>> 9bf25070594e213dd0e79e6f678ef9e3dc7bf516
	EndProjectSection
EndProject
Project("{8BC9CEB8-8B4A-11D0-8D11-00A0C91BC942}") = "INSTALL", "INSTALL.vcxproj", "{0B810B41-2A21-3F0B-851C-FF19E92EF6B7}"
	ProjectSection(ProjectDependencies) = postProject
<<<<<<< HEAD
		{5A61FCFC-9C1B-370A-B9BE-067275F5139B} = {5A61FCFC-9C1B-370A-B9BE-067275F5139B}
=======
		{BAEF1D25-842D-3400-9A21-3A3A6A8C0022} = {BAEF1D25-842D-3400-9A21-3A3A6A8C0022}
		{2CBDED99-37CB-32C9-9FCC-919306111051} = {2CBDED99-37CB-32C9-9FCC-919306111051}
>>>>>>> 9bf25070594e213dd0e79e6f678ef9e3dc7bf516
	EndProjectSection
EndProject
Project("{8BC9CEB8-8B4A-11D0-8D11-00A0C91BC942}") = "PACKAGE", "PACKAGE.vcxproj", "{B2BD198A-2A93-36AD-B755-24075DA8C2D0}"
	ProjectSection(ProjectDependencies) = postProject
<<<<<<< HEAD
		{5A61FCFC-9C1B-370A-B9BE-067275F5139B} = {5A61FCFC-9C1B-370A-B9BE-067275F5139B}
=======
		{BAEF1D25-842D-3400-9A21-3A3A6A8C0022} = {BAEF1D25-842D-3400-9A21-3A3A6A8C0022}
		{2CBDED99-37CB-32C9-9FCC-919306111051} = {2CBDED99-37CB-32C9-9FCC-919306111051}
>>>>>>> 9bf25070594e213dd0e79e6f678ef9e3dc7bf516
	EndProjectSection
EndProject
Project("{8BC9CEB8-8B4A-11D0-8D11-00A0C91BC942}") = "ZERO_CHECK", "..\..\..\..\\ZERO_CHECK.vcxproj", "{2CBDED99-37CB-32C9-9FCC-919306111051}"
	ProjectSection(ProjectDependencies) = postProject
	EndProjectSection
EndProject
Project("{8BC9CEB8-8B4A-11D0-8D11-00A0C91BC942}") = "dist", "dist.vcxproj", "{2705676B-97BF-364B-9F4D-FAFD6E41139D}"
	ProjectSection(ProjectDependencies) = postProject
		{2CBDED99-37CB-32C9-9FCC-919306111051} = {2CBDED99-37CB-32C9-9FCC-919306111051}
	EndProjectSection
EndProject
Project("{8BC9CEB8-8B4A-11D0-8D11-00A0C91BC942}") = "freetype", "freetype.vcxproj", "{15A32475-F00D-3928-8C7E-2A13C3F61F31}"
	ProjectSection(ProjectDependencies) = postProject
		{2CBDED99-37CB-32C9-9FCC-919306111051} = {2CBDED99-37CB-32C9-9FCC-919306111051}
	EndProjectSection
EndProject
Project("{2150E333-8FDC-42A3-9474-1A3956D46DE8}") = "CMakePredefinedTargets", "CMakePredefinedTargets", "{DBC1F37F-E0DD-3DAC-A01C-C8EBD7156FB2}"
EndProject
Project("{2150E333-8FDC-42A3-9474-1A3956D46DE8}") = "ThirdParty", "ThirdParty", "{EBD2943F-770B-3394-9B4A-2B991647ABEC}"
EndProject
Global
	GlobalSection(SolutionConfigurationPlatforms) = preSolution
		Debug|Win32 = Debug|Win32
		Release|Win32 = Release|Win32
		MinSizeRel|Win32 = MinSizeRel|Win32
		RelWithDebInfo|Win32 = RelWithDebInfo|Win32
	EndGlobalSection
	GlobalSection(ProjectConfigurationPlatforms) = postSolution
		{BAEF1D25-842D-3400-9A21-3A3A6A8C0022}.Debug|Win32.ActiveCfg = Debug|Win32
		{BAEF1D25-842D-3400-9A21-3A3A6A8C0022}.Debug|Win32.Build.0 = Debug|Win32
		{BAEF1D25-842D-3400-9A21-3A3A6A8C0022}.Release|Win32.ActiveCfg = Release|Win32
		{BAEF1D25-842D-3400-9A21-3A3A6A8C0022}.Release|Win32.Build.0 = Release|Win32
		{BAEF1D25-842D-3400-9A21-3A3A6A8C0022}.MinSizeRel|Win32.ActiveCfg = MinSizeRel|Win32
		{BAEF1D25-842D-3400-9A21-3A3A6A8C0022}.MinSizeRel|Win32.Build.0 = MinSizeRel|Win32
		{BAEF1D25-842D-3400-9A21-3A3A6A8C0022}.RelWithDebInfo|Win32.ActiveCfg = RelWithDebInfo|Win32
		{BAEF1D25-842D-3400-9A21-3A3A6A8C0022}.RelWithDebInfo|Win32.Build.0 = RelWithDebInfo|Win32
		{0B810B41-2A21-3F0B-851C-FF19E92EF6B7}.Debug|Win32.ActiveCfg = Debug|Win32
		{0B810B41-2A21-3F0B-851C-FF19E92EF6B7}.Release|Win32.ActiveCfg = Release|Win32
		{0B810B41-2A21-3F0B-851C-FF19E92EF6B7}.MinSizeRel|Win32.ActiveCfg = MinSizeRel|Win32
		{0B810B41-2A21-3F0B-851C-FF19E92EF6B7}.RelWithDebInfo|Win32.ActiveCfg = RelWithDebInfo|Win32
		{B2BD198A-2A93-36AD-B755-24075DA8C2D0}.Debug|Win32.ActiveCfg = Debug|Win32
		{B2BD198A-2A93-36AD-B755-24075DA8C2D0}.Release|Win32.ActiveCfg = Release|Win32
		{B2BD198A-2A93-36AD-B755-24075DA8C2D0}.MinSizeRel|Win32.ActiveCfg = MinSizeRel|Win32
		{B2BD198A-2A93-36AD-B755-24075DA8C2D0}.RelWithDebInfo|Win32.ActiveCfg = RelWithDebInfo|Win32
		{2CBDED99-37CB-32C9-9FCC-919306111051}.Debug|Win32.ActiveCfg = Debug|Win32
		{2CBDED99-37CB-32C9-9FCC-919306111051}.Debug|Win32.Build.0 = Debug|Win32
		{2CBDED99-37CB-32C9-9FCC-919306111051}.Release|Win32.ActiveCfg = Release|Win32
		{2CBDED99-37CB-32C9-9FCC-919306111051}.Release|Win32.Build.0 = Release|Win32
		{2CBDED99-37CB-32C9-9FCC-919306111051}.MinSizeRel|Win32.ActiveCfg = MinSizeRel|Win32
		{2CBDED99-37CB-32C9-9FCC-919306111051}.MinSizeRel|Win32.Build.0 = MinSizeRel|Win32
		{2CBDED99-37CB-32C9-9FCC-919306111051}.RelWithDebInfo|Win32.ActiveCfg = RelWithDebInfo|Win32
		{2CBDED99-37CB-32C9-9FCC-919306111051}.RelWithDebInfo|Win32.Build.0 = RelWithDebInfo|Win32
		{2705676B-97BF-364B-9F4D-FAFD6E41139D}.Debug|Win32.ActiveCfg = Debug|Win32
		{2705676B-97BF-364B-9F4D-FAFD6E41139D}.Release|Win32.ActiveCfg = Release|Win32
		{2705676B-97BF-364B-9F4D-FAFD6E41139D}.MinSizeRel|Win32.ActiveCfg = MinSizeRel|Win32
		{2705676B-97BF-364B-9F4D-FAFD6E41139D}.RelWithDebInfo|Win32.ActiveCfg = RelWithDebInfo|Win32
		{15A32475-F00D-3928-8C7E-2A13C3F61F31}.Debug|Win32.ActiveCfg = Debug|Win32
		{15A32475-F00D-3928-8C7E-2A13C3F61F31}.Debug|Win32.Build.0 = Debug|Win32
		{15A32475-F00D-3928-8C7E-2A13C3F61F31}.Release|Win32.ActiveCfg = Release|Win32
		{15A32475-F00D-3928-8C7E-2A13C3F61F31}.Release|Win32.Build.0 = Release|Win32
		{15A32475-F00D-3928-8C7E-2A13C3F61F31}.MinSizeRel|Win32.ActiveCfg = MinSizeRel|Win32
		{15A32475-F00D-3928-8C7E-2A13C3F61F31}.MinSizeRel|Win32.Build.0 = MinSizeRel|Win32
		{15A32475-F00D-3928-8C7E-2A13C3F61F31}.RelWithDebInfo|Win32.ActiveCfg = RelWithDebInfo|Win32
		{15A32475-F00D-3928-8C7E-2A13C3F61F31}.RelWithDebInfo|Win32.Build.0 = RelWithDebInfo|Win32
	EndGlobalSection
	GlobalSection(NestedProjects) = preSolution
<<<<<<< HEAD
		{042F12AB-B431-315C-BE1E-0657EA4E8591} = {DBC1F37F-E0DD-3DAC-A01C-C8EBD7156FB2}
		{D2382624-A6F3-36C9-9781-7C97318A396B} = {DBC1F37F-E0DD-3DAC-A01C-C8EBD7156FB2}
		{A133FFE7-1A96-3411-8905-5758C0CFCFA5} = {DBC1F37F-E0DD-3DAC-A01C-C8EBD7156FB2}
		{FED19E47-93AD-3A09-B7F4-F8CA7600F0C1} = {EBD2943F-770B-3394-9B4A-2B991647ABEC}
		{D5075DFE-23CD-308D-94C4-ADC58C20063C} = {EBD2943F-770B-3394-9B4A-2B991647ABEC}
=======
		{BAEF1D25-842D-3400-9A21-3A3A6A8C0022} = {B0E0C44E-1E53-386A-8365-965EACAACDDD}
		{0B810B41-2A21-3F0B-851C-FF19E92EF6B7} = {B0E0C44E-1E53-386A-8365-965EACAACDDD}
		{B2BD198A-2A93-36AD-B755-24075DA8C2D0} = {B0E0C44E-1E53-386A-8365-965EACAACDDD}
		{2CBDED99-37CB-32C9-9FCC-919306111051} = {B0E0C44E-1E53-386A-8365-965EACAACDDD}
		{2705676B-97BF-364B-9F4D-FAFD6E41139D} = {504C0C47-8704-336A-A892-6ECB3E38BA33}
		{15A32475-F00D-3928-8C7E-2A13C3F61F31} = {504C0C47-8704-336A-A892-6ECB3E38BA33}
>>>>>>> 9bf25070594e213dd0e79e6f678ef9e3dc7bf516
	EndGlobalSection
	GlobalSection(ExtensibilityGlobals) = postSolution
	EndGlobalSection
	GlobalSection(ExtensibilityAddIns) = postSolution
	EndGlobalSection
EndGlobal
