Microsoft Visual Studio Solution File, Format Version 12.00
# Visual Studio 14
Project("{2150E333-8FDC-42A3-9474-1A3956D46DE8}") = "CMakePredefinedTargets", "CMakePredefinedTargets", "{DBC1F37F-E0DD-3DAC-A01C-C8EBD7156FB2}"
EndProject
Project("{2150E333-8FDC-42A3-9474-1A3956D46DE8}") = "ThirdParty", "ThirdParty", "{EBD2943F-770B-3394-9B4A-2B991647ABEC}"
EndProject
Project("{8BC9CEB8-8B4A-11D0-8D11-00A0C91BC942}") = "ALL_BUILD", "ALL_BUILD.vcxproj", "{5A61FCFC-9C1B-370A-B9BE-067275F5139B}"
	ProjectSection(ProjectDependencies) = postProject
		{A133FFE7-1A96-3411-8905-5758C0CFCFA5} = {A133FFE7-1A96-3411-8905-5758C0CFCFA5}
		{D5075DFE-23CD-308D-94C4-ADC58C20063C} = {D5075DFE-23CD-308D-94C4-ADC58C20063C}
	EndProjectSection
EndProject
Project("{8BC9CEB8-8B4A-11D0-8D11-00A0C91BC942}") = "INSTALL", "INSTALL.vcxproj", "{042F12AB-B431-315C-BE1E-0657EA4E8591}"
	ProjectSection(ProjectDependencies) = postProject
		{5A61FCFC-9C1B-370A-B9BE-067275F5139B} = {5A61FCFC-9C1B-370A-B9BE-067275F5139B}
		{A133FFE7-1A96-3411-8905-5758C0CFCFA5} = {A133FFE7-1A96-3411-8905-5758C0CFCFA5}
	EndProjectSection
EndProject
Project("{8BC9CEB8-8B4A-11D0-8D11-00A0C91BC942}") = "PACKAGE", "PACKAGE.vcxproj", "{D2382624-A6F3-36C9-9781-7C97318A396B}"
	ProjectSection(ProjectDependencies) = postProject
		{5A61FCFC-9C1B-370A-B9BE-067275F5139B} = {5A61FCFC-9C1B-370A-B9BE-067275F5139B}
		{A133FFE7-1A96-3411-8905-5758C0CFCFA5} = {A133FFE7-1A96-3411-8905-5758C0CFCFA5}
	EndProjectSection
EndProject
Project("{8BC9CEB8-8B4A-11D0-8D11-00A0C91BC942}") = "ZERO_CHECK", "..\..\\ZERO_CHECK.vcxproj", "{A133FFE7-1A96-3411-8905-5758C0CFCFA5}"
	ProjectSection(ProjectDependencies) = postProject
	EndProjectSection
EndProject
Project("{8BC9CEB8-8B4A-11D0-8D11-00A0C91BC942}") = "dist", "dist.vcxproj", "{FED19E47-93AD-3A09-B7F4-F8CA7600F0C1}"
	ProjectSection(ProjectDependencies) = postProject
		{A133FFE7-1A96-3411-8905-5758C0CFCFA5} = {A133FFE7-1A96-3411-8905-5758C0CFCFA5}
	EndProjectSection
EndProject
Project("{8BC9CEB8-8B4A-11D0-8D11-00A0C91BC942}") = "freetype", "freetype.vcxproj", "{D5075DFE-23CD-308D-94C4-ADC58C20063C}"
	ProjectSection(ProjectDependencies) = postProject
		{A133FFE7-1A96-3411-8905-5758C0CFCFA5} = {A133FFE7-1A96-3411-8905-5758C0CFCFA5}
	EndProjectSection
EndProject
Global
	GlobalSection(SolutionConfigurationPlatforms) = preSolution
		Debug|Win32 = Debug|Win32
		Release|Win32 = Release|Win32
		MinSizeRel|Win32 = MinSizeRel|Win32
		RelWithDebInfo|Win32 = RelWithDebInfo|Win32
	EndGlobalSection
	GlobalSection(ProjectConfigurationPlatforms) = postSolution
		{5A61FCFC-9C1B-370A-B9BE-067275F5139B}.Debug|Win32.ActiveCfg = Debug|Win32
		{5A61FCFC-9C1B-370A-B9BE-067275F5139B}.Debug|Win32.Build.0 = Debug|Win32
		{5A61FCFC-9C1B-370A-B9BE-067275F5139B}.Release|Win32.ActiveCfg = Release|Win32
		{5A61FCFC-9C1B-370A-B9BE-067275F5139B}.Release|Win32.Build.0 = Release|Win32
		{5A61FCFC-9C1B-370A-B9BE-067275F5139B}.MinSizeRel|Win32.ActiveCfg = MinSizeRel|Win32
		{5A61FCFC-9C1B-370A-B9BE-067275F5139B}.MinSizeRel|Win32.Build.0 = MinSizeRel|Win32
		{5A61FCFC-9C1B-370A-B9BE-067275F5139B}.RelWithDebInfo|Win32.ActiveCfg = RelWithDebInfo|Win32
		{5A61FCFC-9C1B-370A-B9BE-067275F5139B}.RelWithDebInfo|Win32.Build.0 = RelWithDebInfo|Win32
		{042F12AB-B431-315C-BE1E-0657EA4E8591}.Debug|Win32.ActiveCfg = Debug|Win32
		{042F12AB-B431-315C-BE1E-0657EA4E8591}.Release|Win32.ActiveCfg = Release|Win32
		{042F12AB-B431-315C-BE1E-0657EA4E8591}.MinSizeRel|Win32.ActiveCfg = MinSizeRel|Win32
		{042F12AB-B431-315C-BE1E-0657EA4E8591}.RelWithDebInfo|Win32.ActiveCfg = RelWithDebInfo|Win32
		{D2382624-A6F3-36C9-9781-7C97318A396B}.Debug|Win32.ActiveCfg = Debug|Win32
		{D2382624-A6F3-36C9-9781-7C97318A396B}.Release|Win32.ActiveCfg = Release|Win32
		{D2382624-A6F3-36C9-9781-7C97318A396B}.MinSizeRel|Win32.ActiveCfg = MinSizeRel|Win32
		{D2382624-A6F3-36C9-9781-7C97318A396B}.RelWithDebInfo|Win32.ActiveCfg = RelWithDebInfo|Win32
		{A133FFE7-1A96-3411-8905-5758C0CFCFA5}.Debug|Win32.ActiveCfg = Debug|Win32
		{A133FFE7-1A96-3411-8905-5758C0CFCFA5}.Debug|Win32.Build.0 = Debug|Win32
		{A133FFE7-1A96-3411-8905-5758C0CFCFA5}.Release|Win32.ActiveCfg = Release|Win32
		{A133FFE7-1A96-3411-8905-5758C0CFCFA5}.Release|Win32.Build.0 = Release|Win32
		{A133FFE7-1A96-3411-8905-5758C0CFCFA5}.MinSizeRel|Win32.ActiveCfg = MinSizeRel|Win32
		{A133FFE7-1A96-3411-8905-5758C0CFCFA5}.MinSizeRel|Win32.Build.0 = MinSizeRel|Win32
		{A133FFE7-1A96-3411-8905-5758C0CFCFA5}.RelWithDebInfo|Win32.ActiveCfg = RelWithDebInfo|Win32
		{A133FFE7-1A96-3411-8905-5758C0CFCFA5}.RelWithDebInfo|Win32.Build.0 = RelWithDebInfo|Win32
		{FED19E47-93AD-3A09-B7F4-F8CA7600F0C1}.Debug|Win32.ActiveCfg = Debug|Win32
		{FED19E47-93AD-3A09-B7F4-F8CA7600F0C1}.Release|Win32.ActiveCfg = Release|Win32
		{FED19E47-93AD-3A09-B7F4-F8CA7600F0C1}.MinSizeRel|Win32.ActiveCfg = MinSizeRel|Win32
		{FED19E47-93AD-3A09-B7F4-F8CA7600F0C1}.RelWithDebInfo|Win32.ActiveCfg = RelWithDebInfo|Win32
		{D5075DFE-23CD-308D-94C4-ADC58C20063C}.Debug|Win32.ActiveCfg = Debug|Win32
		{D5075DFE-23CD-308D-94C4-ADC58C20063C}.Debug|Win32.Build.0 = Debug|Win32
		{D5075DFE-23CD-308D-94C4-ADC58C20063C}.Release|Win32.ActiveCfg = Release|Win32
		{D5075DFE-23CD-308D-94C4-ADC58C20063C}.Release|Win32.Build.0 = Release|Win32
		{D5075DFE-23CD-308D-94C4-ADC58C20063C}.MinSizeRel|Win32.ActiveCfg = MinSizeRel|Win32
		{D5075DFE-23CD-308D-94C4-ADC58C20063C}.MinSizeRel|Win32.Build.0 = MinSizeRel|Win32
		{D5075DFE-23CD-308D-94C4-ADC58C20063C}.RelWithDebInfo|Win32.ActiveCfg = RelWithDebInfo|Win32
		{D5075DFE-23CD-308D-94C4-ADC58C20063C}.RelWithDebInfo|Win32.Build.0 = RelWithDebInfo|Win32
	EndGlobalSection
	GlobalSection(NestedProjects) = preSolution
		{5A61FCFC-9C1B-370A-B9BE-067275F5139B} = {DBC1F37F-E0DD-3DAC-A01C-C8EBD7156FB2}
		{042F12AB-B431-315C-BE1E-0657EA4E8591} = {DBC1F37F-E0DD-3DAC-A01C-C8EBD7156FB2}
		{D2382624-A6F3-36C9-9781-7C97318A396B} = {DBC1F37F-E0DD-3DAC-A01C-C8EBD7156FB2}
		{A133FFE7-1A96-3411-8905-5758C0CFCFA5} = {DBC1F37F-E0DD-3DAC-A01C-C8EBD7156FB2}
		{FED19E47-93AD-3A09-B7F4-F8CA7600F0C1} = {EBD2943F-770B-3394-9B4A-2B991647ABEC}
		{D5075DFE-23CD-308D-94C4-ADC58C20063C} = {EBD2943F-770B-3394-9B4A-2B991647ABEC}
	EndGlobalSection
	GlobalSection(ExtensibilityGlobals) = postSolution
	EndGlobalSection
	GlobalSection(ExtensibilityAddIns) = postSolution
	EndGlobalSection
EndGlobal
