Microsoft Visual Studio Solution File, Format Version 12.00
# Visual Studio 2013
Project("{8BC9CEB8-8B4A-11D0-8D11-00A0C91BC942}") = "ALL_BUILD", "ALL_BUILD.vcxproj", "{1BE16B58-65F0-4B8D-9D9C-7214AAE8EB12}"
	ProjectSection(ProjectDependencies) = postProject
		{2E79F137-72F4-4A86-9D27-86F193DC1987} = {2E79F137-72F4-4A86-9D27-86F193DC1987}
	EndProjectSection
EndProject
Project("{8BC9CEB8-8B4A-11D0-8D11-00A0C91BC942}") = "INSTALL", "INSTALL.vcxproj", "{1D96CF22-9697-4DE1-9C49-BED385970934}"
	ProjectSection(ProjectDependencies) = postProject
		{1BE16B58-65F0-4B8D-9D9C-7214AAE8EB12} = {1BE16B58-65F0-4B8D-9D9C-7214AAE8EB12}
	EndProjectSection
EndProject
Project("{8BC9CEB8-8B4A-11D0-8D11-00A0C91BC942}") = "ZERO_CHECK", "..\..\\ZERO_CHECK.vcxproj", "{B2224BEB-3149-4741-9331-E577AAA0FD61}"
	ProjectSection(ProjectDependencies) = postProject
	EndProjectSection
EndProject
Project("{8BC9CEB8-8B4A-11D0-8D11-00A0C91BC942}") = "zlib", "zlib.vcxproj", "{2E79F137-72F4-4A86-9D27-86F193DC1987}"
	ProjectSection(ProjectDependencies) = postProject
		{B2224BEB-3149-4741-9331-E577AAA0FD61} = {B2224BEB-3149-4741-9331-E577AAA0FD61}
	EndProjectSection
EndProject
Project("{2150E333-8FDC-42A3-9474-1A3956D46DE8}") = "CMakePredefinedTargets", "CMakePredefinedTargets", "{848AE375-6153-43E6-A05C-E29A5670BBD0}"
EndProject
Project("{2150E333-8FDC-42A3-9474-1A3956D46DE8}") = "ThirdParty", "ThirdParty", "{276B812A-2CC2-4139-AC9D-91781C30AB81}"
EndProject
Global
	GlobalSection(SolutionConfigurationPlatforms) = preSolution
		Debug|Win32 = Debug|Win32
		Release|Win32 = Release|Win32
		MinSizeRel|Win32 = MinSizeRel|Win32
		RelWithDebInfo|Win32 = RelWithDebInfo|Win32
	EndGlobalSection
	GlobalSection(ProjectConfigurationPlatforms) = postSolution
		{1BE16B58-65F0-4B8D-9D9C-7214AAE8EB12}.Debug|Win32.ActiveCfg = Debug|Win32
		{1BE16B58-65F0-4B8D-9D9C-7214AAE8EB12}.Debug|Win32.Build.0 = Debug|Win32
		{1BE16B58-65F0-4B8D-9D9C-7214AAE8EB12}.Release|Win32.ActiveCfg = Release|Win32
		{1BE16B58-65F0-4B8D-9D9C-7214AAE8EB12}.Release|Win32.Build.0 = Release|Win32
		{1BE16B58-65F0-4B8D-9D9C-7214AAE8EB12}.MinSizeRel|Win32.ActiveCfg = MinSizeRel|Win32
		{1BE16B58-65F0-4B8D-9D9C-7214AAE8EB12}.MinSizeRel|Win32.Build.0 = MinSizeRel|Win32
		{1BE16B58-65F0-4B8D-9D9C-7214AAE8EB12}.RelWithDebInfo|Win32.ActiveCfg = RelWithDebInfo|Win32
		{1BE16B58-65F0-4B8D-9D9C-7214AAE8EB12}.RelWithDebInfo|Win32.Build.0 = RelWithDebInfo|Win32
		{1D96CF22-9697-4DE1-9C49-BED385970934}.Debug|Win32.ActiveCfg = Debug|Win32
		{1D96CF22-9697-4DE1-9C49-BED385970934}.Release|Win32.ActiveCfg = Release|Win32
		{1D96CF22-9697-4DE1-9C49-BED385970934}.MinSizeRel|Win32.ActiveCfg = MinSizeRel|Win32
		{1D96CF22-9697-4DE1-9C49-BED385970934}.RelWithDebInfo|Win32.ActiveCfg = RelWithDebInfo|Win32
		{B2224BEB-3149-4741-9331-E577AAA0FD61}.Debug|Win32.ActiveCfg = Debug|Win32
		{B2224BEB-3149-4741-9331-E577AAA0FD61}.Debug|Win32.Build.0 = Debug|Win32
		{B2224BEB-3149-4741-9331-E577AAA0FD61}.Release|Win32.ActiveCfg = Release|Win32
		{B2224BEB-3149-4741-9331-E577AAA0FD61}.Release|Win32.Build.0 = Release|Win32
		{B2224BEB-3149-4741-9331-E577AAA0FD61}.MinSizeRel|Win32.ActiveCfg = MinSizeRel|Win32
		{B2224BEB-3149-4741-9331-E577AAA0FD61}.MinSizeRel|Win32.Build.0 = MinSizeRel|Win32
		{B2224BEB-3149-4741-9331-E577AAA0FD61}.RelWithDebInfo|Win32.ActiveCfg = RelWithDebInfo|Win32
		{B2224BEB-3149-4741-9331-E577AAA0FD61}.RelWithDebInfo|Win32.Build.0 = RelWithDebInfo|Win32
		{2E79F137-72F4-4A86-9D27-86F193DC1987}.Debug|Win32.ActiveCfg = Debug|Win32
		{2E79F137-72F4-4A86-9D27-86F193DC1987}.Debug|Win32.Build.0 = Debug|Win32
		{2E79F137-72F4-4A86-9D27-86F193DC1987}.Release|Win32.ActiveCfg = Release|Win32
		{2E79F137-72F4-4A86-9D27-86F193DC1987}.Release|Win32.Build.0 = Release|Win32
		{2E79F137-72F4-4A86-9D27-86F193DC1987}.MinSizeRel|Win32.ActiveCfg = MinSizeRel|Win32
		{2E79F137-72F4-4A86-9D27-86F193DC1987}.MinSizeRel|Win32.Build.0 = MinSizeRel|Win32
		{2E79F137-72F4-4A86-9D27-86F193DC1987}.RelWithDebInfo|Win32.ActiveCfg = RelWithDebInfo|Win32
		{2E79F137-72F4-4A86-9D27-86F193DC1987}.RelWithDebInfo|Win32.Build.0 = RelWithDebInfo|Win32
	EndGlobalSection
	GlobalSection(NestedProjects) = preSolution
		{1D96CF22-9697-4DE1-9C49-BED385970934} = {848AE375-6153-43E6-A05C-E29A5670BBD0}
		{B2224BEB-3149-4741-9331-E577AAA0FD61} = {848AE375-6153-43E6-A05C-E29A5670BBD0}
		{2E79F137-72F4-4A86-9D27-86F193DC1987} = {276B812A-2CC2-4139-AC9D-91781C30AB81}
	EndGlobalSection
	GlobalSection(ExtensibilityGlobals) = postSolution
	EndGlobalSection
	GlobalSection(ExtensibilityAddIns) = postSolution
	EndGlobalSection
EndGlobal
