Microsoft Visual Studio Solution File, Format Version 12.00
# Visual Studio 2013
Project("{8BC9CEB8-8B4A-11D0-8D11-00A0C91BC942}") = "ALL_BUILD", "ALL_BUILD.vcxproj", "{7AC8B569-3CAF-4E1C-B256-5E45593ED6D1}"
	ProjectSection(ProjectDependencies) = postProject
		{18751C66-804A-4CE6-A00F-9C6565678F61} = {18751C66-804A-4CE6-A00F-9C6565678F61}
	EndProjectSection
EndProject
Project("{8BC9CEB8-8B4A-11D0-8D11-00A0C91BC942}") = "INSTALL", "INSTALL.vcxproj", "{6EF18C48-E564-41F9-BD5E-C08B360738A4}"
	ProjectSection(ProjectDependencies) = postProject
		{7AC8B569-3CAF-4E1C-B256-5E45593ED6D1} = {7AC8B569-3CAF-4E1C-B256-5E45593ED6D1}
	EndProjectSection
EndProject
Project("{8BC9CEB8-8B4A-11D0-8D11-00A0C91BC942}") = "ZERO_CHECK", "..\..\ZERO_CHECK.vcxproj", "{B93E408B-53B4-47DD-B2B2-C3AB29207410}"
	ProjectSection(ProjectDependencies) = postProject
	EndProjectSection
EndProject
Project("{8BC9CEB8-8B4A-11D0-8D11-00A0C91BC942}") = "zlib", "zlib.vcxproj", "{18751C66-804A-4CE6-A00F-9C6565678F61}"
	ProjectSection(ProjectDependencies) = postProject
		{B93E408B-53B4-47DD-B2B2-C3AB29207410} = {B93E408B-53B4-47DD-B2B2-C3AB29207410}
	EndProjectSection
EndProject
Project("{2150E333-8FDC-42A3-9474-1A3956D46DE8}") = "CMakePredefinedTargets", "CMakePredefinedTargets", "{502CB067-F1A1-482D-90D1-EE8BE0F0772D}"
EndProject
Project("{2150E333-8FDC-42A3-9474-1A3956D46DE8}") = "ThirdParty", "ThirdParty", "{98DBB6D8-8F5C-4F9D-B759-02350792EDD0}"
EndProject
Global
	GlobalSection(SolutionConfigurationPlatforms) = preSolution
		Debug|Win32 = Debug|Win32
		Release|Win32 = Release|Win32
		MinSizeRel|Win32 = MinSizeRel|Win32
		RelWithDebInfo|Win32 = RelWithDebInfo|Win32
	EndGlobalSection
	GlobalSection(ProjectConfigurationPlatforms) = postSolution
		{7AC8B569-3CAF-4E1C-B256-5E45593ED6D1}.Debug|Win32.ActiveCfg = Debug|Win32
		{7AC8B569-3CAF-4E1C-B256-5E45593ED6D1}.Debug|Win32.Build.0 = Debug|Win32
		{7AC8B569-3CAF-4E1C-B256-5E45593ED6D1}.Release|Win32.ActiveCfg = Release|Win32
		{7AC8B569-3CAF-4E1C-B256-5E45593ED6D1}.Release|Win32.Build.0 = Release|Win32
		{7AC8B569-3CAF-4E1C-B256-5E45593ED6D1}.MinSizeRel|Win32.ActiveCfg = MinSizeRel|Win32
		{7AC8B569-3CAF-4E1C-B256-5E45593ED6D1}.MinSizeRel|Win32.Build.0 = MinSizeRel|Win32
		{7AC8B569-3CAF-4E1C-B256-5E45593ED6D1}.RelWithDebInfo|Win32.ActiveCfg = RelWithDebInfo|Win32
		{7AC8B569-3CAF-4E1C-B256-5E45593ED6D1}.RelWithDebInfo|Win32.Build.0 = RelWithDebInfo|Win32
		{6EF18C48-E564-41F9-BD5E-C08B360738A4}.Debug|Win32.ActiveCfg = Debug|Win32
		{6EF18C48-E564-41F9-BD5E-C08B360738A4}.Release|Win32.ActiveCfg = Release|Win32
		{6EF18C48-E564-41F9-BD5E-C08B360738A4}.MinSizeRel|Win32.ActiveCfg = MinSizeRel|Win32
		{6EF18C48-E564-41F9-BD5E-C08B360738A4}.RelWithDebInfo|Win32.ActiveCfg = RelWithDebInfo|Win32
		{B93E408B-53B4-47DD-B2B2-C3AB29207410}.Debug|Win32.ActiveCfg = Debug|Win32
		{B93E408B-53B4-47DD-B2B2-C3AB29207410}.Debug|Win32.Build.0 = Debug|Win32
		{B93E408B-53B4-47DD-B2B2-C3AB29207410}.Release|Win32.ActiveCfg = Release|Win32
		{B93E408B-53B4-47DD-B2B2-C3AB29207410}.Release|Win32.Build.0 = Release|Win32
		{B93E408B-53B4-47DD-B2B2-C3AB29207410}.MinSizeRel|Win32.ActiveCfg = MinSizeRel|Win32
		{B93E408B-53B4-47DD-B2B2-C3AB29207410}.MinSizeRel|Win32.Build.0 = MinSizeRel|Win32
		{B93E408B-53B4-47DD-B2B2-C3AB29207410}.RelWithDebInfo|Win32.ActiveCfg = RelWithDebInfo|Win32
		{B93E408B-53B4-47DD-B2B2-C3AB29207410}.RelWithDebInfo|Win32.Build.0 = RelWithDebInfo|Win32
		{18751C66-804A-4CE6-A00F-9C6565678F61}.Debug|Win32.ActiveCfg = Debug|Win32
		{18751C66-804A-4CE6-A00F-9C6565678F61}.Debug|Win32.Build.0 = Debug|Win32
		{18751C66-804A-4CE6-A00F-9C6565678F61}.Release|Win32.ActiveCfg = Release|Win32
		{18751C66-804A-4CE6-A00F-9C6565678F61}.Release|Win32.Build.0 = Release|Win32
		{18751C66-804A-4CE6-A00F-9C6565678F61}.MinSizeRel|Win32.ActiveCfg = MinSizeRel|Win32
		{18751C66-804A-4CE6-A00F-9C6565678F61}.MinSizeRel|Win32.Build.0 = MinSizeRel|Win32
		{18751C66-804A-4CE6-A00F-9C6565678F61}.RelWithDebInfo|Win32.ActiveCfg = RelWithDebInfo|Win32
		{18751C66-804A-4CE6-A00F-9C6565678F61}.RelWithDebInfo|Win32.Build.0 = RelWithDebInfo|Win32
	EndGlobalSection
	GlobalSection(NestedProjects) = preSolution
		{6EF18C48-E564-41F9-BD5E-C08B360738A4} = {502CB067-F1A1-482D-90D1-EE8BE0F0772D}
		{B93E408B-53B4-47DD-B2B2-C3AB29207410} = {502CB067-F1A1-482D-90D1-EE8BE0F0772D}
		{18751C66-804A-4CE6-A00F-9C6565678F61} = {98DBB6D8-8F5C-4F9D-B759-02350792EDD0}
	EndGlobalSection
	GlobalSection(ExtensibilityGlobals) = postSolution
	EndGlobalSection
	GlobalSection(ExtensibilityAddIns) = postSolution
	EndGlobalSection
EndGlobal
