<?xml version="1.0" encoding="Windows-1252"?>
<Project ToolsVersion="12.0" xmlns="http://schemas.microsoft.com/developer/msbuild/2003">
  <ItemGroup>
    <CustomBuild Include="D:\projects\osre\CMakeFiles\656e274b8d6efb0381563fe8cad083ce\INSTALL_force.rule">
      <Filter>CMake Rules</Filter>
    </CustomBuild>
  </ItemGroup>
  <ItemGroup>
    <Filter Include="CMake Rules">
      <UniqueIdentifier>{27947915-EB07-499C-A8F8-0CA47E83444F}</UniqueIdentifier>
    </Filter>
  </ItemGroup>
</Project>
