<?xml version="1.0" encoding="Windows-1252"?>
<Project ToolsVersion="12.0" xmlns="http://schemas.microsoft.com/developer/msbuild/2003">
  <ItemGroup>
    <ClCompile Include="D:\projects\osre\3dparty\unzip\ioapi.c">
      <Filter>Source Files</Filter>
    </ClCompile>
    <ClCompile Include="D:\projects\osre\3dparty\unzip\unzip.c">
      <Filter>Source Files</Filter>
    </ClCompile>
  </ItemGroup>
  <ItemGroup>
    <ClInclude Include="D:\projects\osre\3dparty\unzip\crypt.h">
      <Filter>Header Files</Filter>
    </ClInclude>
    <ClInclude Include="D:\projects\osre\3dparty\unzip\ioapi.h">
      <Filter>Header Files</Filter>
    </ClInclude>
    <ClInclude Include="D:\projects\osre\3dparty\unzip\unzip.h">
      <Filter>Header Files</Filter>
    </ClInclude>
  </ItemGroup>
  <ItemGroup>
    <CustomBuild Include="D:\projects\osre\3dparty\unzip\CMakeLists.txt" />
  </ItemGroup>
  <ItemGroup>
    <Filter Include="Source Files">
      <UniqueIdentifier>{1CAE3A07-F1DA-4F80-A240-03B474C86003}</UniqueIdentifier>
    </Filter>
    <Filter Include="Header Files">
      <UniqueIdentifier>{E2D63875-CB5D-4728-B90B-03C2425B72E2}</UniqueIdentifier>
    </Filter>
  </ItemGroup>
</Project>
