<?xml version="1.0" encoding="Windows-1252"?>
<Project ToolsVersion="12.0" xmlns="http://schemas.microsoft.com/developer/msbuild/2003">
  <ItemGroup>
    <CustomBuild Include="D:\projects\osre\CMakeFiles\3642fb055e5767719b18891e9dd3ade6\INSTALL_force.rule">
      <Filter>CMake Rules</Filter>
    </CustomBuild>
  </ItemGroup>
  <ItemGroup>
    <Filter Include="CMake Rules">
      <UniqueIdentifier>{A0230286-4305-435A-B171-B1761FAAE5DC}</UniqueIdentifier>
    </Filter>
  </ItemGroup>
</Project>
