<?xml version="1.0" encoding="Windows-1252"?>
<Project ToolsVersion="12.0" xmlns="http://schemas.microsoft.com/developer/msbuild/2003">
  <ItemGroup>
    <ClCompile Include="D:\projects\osre\test\RenderTests\src\AbstractRenderTest.cpp">
      <Filter>src</Filter>
    </ClCompile>
    <ClCompile Include="D:\projects\osre\test\RenderTests\src\RenderTestSuite.cpp">
      <Filter>src</Filter>
    </ClCompile>
    <ClCompile Include="D:\projects\osre\test\RenderTests\src\BaseTriangleRenderTest.cpp">
      <Filter>src</Filter>
    </ClCompile>
    <ClCompile Include="D:\projects\osre\test\RenderTests\src\BaseTextureRenderTest.cpp">
      <Filter>src</Filter>
    </ClCompile>
    <ClCompile Include="D:\projects\osre\test\RenderTests\src\DbgFontRenderTest.cpp">
      <Filter>src</Filter>
    </ClCompile>
    <ClCompile Include="D:\projects\osre\test\RenderTests\src\GeoInstanceRenderTest.cpp">
      <Filter>src</Filter>
    </ClCompile>
    <ClCompile Include="D:\projects\osre\test\RenderTests\src\main.cpp">
      <Filter>src</Filter>
    </ClCompile>
  </ItemGroup>
  <ItemGroup>
    <ClInclude Include="D:\projects\osre\test\RenderTests\src\AbstractTestFixure.h">
      <Filter>src</Filter>
    </ClInclude>
    <ClInclude Include="D:\projects\osre\test\RenderTests\src\AbstractRenderTest.h">
      <Filter>src</Filter>
    </ClInclude>
    <ClInclude Include="D:\projects\osre\test\RenderTests\src\RenderTestSuite.h">
      <Filter>src</Filter>
    </ClInclude>
    <ClInclude Include="D:\projects\osre\test\RenderTests\src\RenderTestUtils.h">
      <Filter>src</Filter>
    </ClInclude>
  </ItemGroup>
  <ItemGroup>
    <CustomBuild Include="D:\projects\osre\test\RenderTests\CMakeLists.txt" />
  </ItemGroup>
  <ItemGroup>
    <Filter Include="src">
      <UniqueIdentifier>{92C22B21-F66B-4A61-9D3F-4A9C41EB9E7C}</UniqueIdentifier>
    </Filter>
  </ItemGroup>
</Project>
